
Microsoft Visual Studio Solution File, Format Version 12.00
# Visual Studio Version 16
VisualStudioVersion = 16.0.31605.320
MinimumVisualStudioVersion = 10.0.40219.1
Project("{FAE04EC0-301F-11D3-BF4B-00C04F79EFBC}") = "DesafioEdabit", "DesafioEdabit\DesafioEdabit.csproj", "{0A631E01-C331-47B0-8073-A66CCCAFCFFC}"
EndProject
Project("{FAE04EC0-301F-11D3-BF4B-00C04F79EFBC}") = "DesafioEdabitTestProject", "DesafioEdabitTestProject\DesafioEdabitTestProject.csproj", "{6540EB8C-D23A-4EEE-81BE-91E1F3C537B9}"
EndProject
Project("{FAE04EC0-301F-11D3-BF4B-00C04F79EFBC}") = "NUnitTestProject", "NUnitTestProject\NUnitTestProject.csproj", "{AB048411-14B3-4B33-BAFC-247B1B885DB5}"
EndProject
Global
	GlobalSection(SolutionConfigurationPlatforms) = preSolution
		Debug|Any CPU = Debug|Any CPU
		Release|Any CPU = Release|Any CPU
	EndGlobalSection
	GlobalSection(ProjectConfigurationPlatforms) = postSolution
		{0A631E01-C331-47B0-8073-A66CCCAFCFFC}.Debug|Any CPU.ActiveCfg = Debug|Any CPU
		{0A631E01-C331-47B0-8073-A66CCCAFCFFC}.Debug|Any CPU.Build.0 = Debug|Any CPU
		{0A631E01-C331-47B0-8073-A66CCCAFCFFC}.Release|Any CPU.ActiveCfg = Release|Any CPU
		{0A631E01-C331-47B0-8073-A66CCCAFCFFC}.Release|Any CPU.Build.0 = Release|Any CPU
		{6540EB8C-D23A-4EEE-81BE-91E1F3C537B9}.Debug|Any CPU.ActiveCfg = Debug|Any CPU
		{6540EB8C-D23A-4EEE-81BE-91E1F3C537B9}.Debug|Any CPU.Build.0 = Debug|Any CPU
		{6540EB8C-D23A-4EEE-81BE-91E1F3C537B9}.Release|Any CPU.ActiveCfg = Release|Any CPU
		{6540EB8C-D23A-4EEE-81BE-91E1F3C537B9}.Release|Any CPU.Build.0 = Release|Any CPU
		{AB048411-14B3-4B33-BAFC-247B1B885DB5}.Debug|Any CPU.ActiveCfg = Debug|Any CPU
		{AB048411-14B3-4B33-BAFC-247B1B885DB5}.Debug|Any CPU.Build.0 = Debug|Any CPU
		{AB048411-14B3-4B33-BAFC-247B1B885DB5}.Release|Any CPU.ActiveCfg = Release|Any CPU
		{AB048411-14B3-4B33-BAFC-247B1B885DB5}.Release|Any CPU.Build.0 = Release|Any CPU
	EndGlobalSection
	GlobalSection(SolutionProperties) = preSolution
		HideSolutionNode = FALSE
	EndGlobalSection
	GlobalSection(ExtensibilityGlobals) = postSolution
		SolutionGuid = {EA00704E-125C-42B6-AD42-9F50457F4FC7}
	EndGlobalSection
EndGlobal
